
Microsoft Visual Studio Solution File, Format Version 12.00
# Visual Studio Version 17
VisualStudioVersion = 17.3.32811.315
MinimumVisualStudioVersion = 10.0.40219.1
Project("{FAE04EC0-301F-11D3-BF4B-00C04F79EFBC}") = "visor de imagenes", "visor de imagenes\visor de imagenes.csproj", "{C5F8DE1B-F7B2-44BE-B08E-D914FCE9D545}"
EndProject
Global
	GlobalSection(SolutionConfigurationPlatforms) = preSolution
		Debug|Any CPU = Debug|Any CPU
		Release|Any CPU = Release|Any CPU
	EndGlobalSection
	GlobalSection(ProjectConfigurationPlatforms) = postSolution
		{C5F8DE1B-F7B2-44BE-B08E-D914FCE9D545}.Debug|Any CPU.ActiveCfg = Debug|Any CPU
		{C5F8DE1B-F7B2-44BE-B08E-D914FCE9D545}.Debug|Any CPU.Build.0 = Debug|Any CPU
		{C5F8DE1B-F7B2-44BE-B08E-D914FCE9D545}.Release|Any CPU.ActiveCfg = Release|Any CPU
		{C5F8DE1B-F7B2-44BE-B08E-D914FCE9D545}.Release|Any CPU.Build.0 = Release|Any CPU
	EndGlobalSection
	GlobalSection(SolutionProperties) = preSolution
		HideSolutionNode = FALSE
	EndGlobalSection
	GlobalSection(ExtensibilityGlobals) = postSolution
		SolutionGuid = {9914F978-C348-4ABA-96D7-C0D98E1AB7E7}
	EndGlobalSection
EndGlobal
